
Microsoft Visual Studio Solution File, Format Version 12.00
# Visual Studio 15
VisualStudioVersion = 15.0.28307.902
MinimumVisualStudioVersion = 10.0.40219.1
Project("{9092AA53-FB77-4645-B42D-1CCCA6BD08BD}") = "CSCE470Project", "CSCE470Project\CSCE470Project.njsproj", "{58DF28ED-1391-4314-BFC0-DE02265A7828}"
EndProject
Global
	GlobalSection(SolutionConfigurationPlatforms) = preSolution
		Debug|Any CPU = Debug|Any CPU
		Release|Any CPU = Release|Any CPU
	EndGlobalSection
	GlobalSection(ProjectConfigurationPlatforms) = postSolution
		{58DF28ED-1391-4314-BFC0-DE02265A7828}.Debug|Any CPU.ActiveCfg = Debug|Any CPU
		{58DF28ED-1391-4314-BFC0-DE02265A7828}.Debug|Any CPU.Build.0 = Debug|Any CPU
		{58DF28ED-1391-4314-BFC0-DE02265A7828}.Release|Any CPU.ActiveCfg = Release|Any CPU
		{58DF28ED-1391-4314-BFC0-DE02265A7828}.Release|Any CPU.Build.0 = Release|Any CPU
	EndGlobalSection
	GlobalSection(SolutionProperties) = preSolution
		HideSolutionNode = FALSE
	EndGlobalSection
	GlobalSection(ExtensibilityGlobals) = postSolution
		SolutionGuid = {CCFF38A4-F237-410A-9D1C-6550C2D263BB}
	EndGlobalSection
EndGlobal
